
Microsoft Visual Studio Solution File, Format Version 12.00
# Visual Studio Version 17
VisualStudioVersion = 17.1.32228.430
MinimumVisualStudioVersion = 10.0.40219.1
Project("{FAE04EC0-301F-11D3-BF4B-00C04F79EFBC}") = "App6.Android", "App6\App6.Android\App6.Android.csproj", "{68A83C17-3F39-4AF9-9D45-F15CF9E2D9C8}"
EndProject
Project("{FAE04EC0-301F-11D3-BF4B-00C04F79EFBC}") = "App6.iOS", "App6\App6.iOS\App6.iOS.csproj", "{B11CEE6F-310C-4C74-AFBB-666BB6721849}"
EndProject
Project("{FAE04EC0-301F-11D3-BF4B-00C04F79EFBC}") = "App6", "App6\App6\App6.csproj", "{C30537AE-96FF-492A-89A2-55EA30BD4883}"
EndProject
Global
	GlobalSection(SolutionConfigurationPlatforms) = preSolution
		Debug|Any CPU = Debug|Any CPU
		Debug|iPhone = Debug|iPhone
		Debug|iPhoneSimulator = Debug|iPhoneSimulator
		Release|Any CPU = Release|Any CPU
		Release|iPhone = Release|iPhone
		Release|iPhoneSimulator = Release|iPhoneSimulator
	EndGlobalSection
	GlobalSection(ProjectConfigurationPlatforms) = postSolution
		{68A83C17-3F39-4AF9-9D45-F15CF9E2D9C8}.Debug|Any CPU.ActiveCfg = Debug|Any CPU
		{68A83C17-3F39-4AF9-9D45-F15CF9E2D9C8}.Debug|Any CPU.Build.0 = Debug|Any CPU
		{68A83C17-3F39-4AF9-9D45-F15CF9E2D9C8}.Debug|Any CPU.Deploy.0 = Debug|Any CPU
		{68A83C17-3F39-4AF9-9D45-F15CF9E2D9C8}.Debug|iPhone.ActiveCfg = Debug|Any CPU
		{68A83C17-3F39-4AF9-9D45-F15CF9E2D9C8}.Debug|iPhone.Build.0 = Debug|Any CPU
		{68A83C17-3F39-4AF9-9D45-F15CF9E2D9C8}.Debug|iPhone.Deploy.0 = Debug|Any CPU
		{68A83C17-3F39-4AF9-9D45-F15CF9E2D9C8}.Debug|iPhoneSimulator.ActiveCfg = Debug|Any CPU
		{68A83C17-3F39-4AF9-9D45-F15CF9E2D9C8}.Debug|iPhoneSimulator.Build.0 = Debug|Any CPU
		{68A83C17-3F39-4AF9-9D45-F15CF9E2D9C8}.Debug|iPhoneSimulator.Deploy.0 = Debug|Any CPU
		{68A83C17-3F39-4AF9-9D45-F15CF9E2D9C8}.Release|Any CPU.ActiveCfg = Release|Any CPU
		{68A83C17-3F39-4AF9-9D45-F15CF9E2D9C8}.Release|Any CPU.Build.0 = Release|Any CPU
		{68A83C17-3F39-4AF9-9D45-F15CF9E2D9C8}.Release|Any CPU.Deploy.0 = Release|Any CPU
		{68A83C17-3F39-4AF9-9D45-F15CF9E2D9C8}.Release|iPhone.ActiveCfg = Release|Any CPU
		{68A83C17-3F39-4AF9-9D45-F15CF9E2D9C8}.Release|iPhone.Build.0 = Release|Any CPU
		{68A83C17-3F39-4AF9-9D45-F15CF9E2D9C8}.Release|iPhone.Deploy.0 = Release|Any CPU
		{68A83C17-3F39-4AF9-9D45-F15CF9E2D9C8}.Release|iPhoneSimulator.ActiveCfg = Release|Any CPU
		{68A83C17-3F39-4AF9-9D45-F15CF9E2D9C8}.Release|iPhoneSimulator.Build.0 = Release|Any CPU
		{68A83C17-3F39-4AF9-9D45-F15CF9E2D9C8}.Release|iPhoneSimulator.Deploy.0 = Release|Any CPU
		{B11CEE6F-310C-4C74-AFBB-666BB6721849}.Debug|Any CPU.ActiveCfg = Debug|iPhone
		{B11CEE6F-310C-4C74-AFBB-666BB6721849}.Debug|Any CPU.Build.0 = Debug|iPhone
		{B11CEE6F-310C-4C74-AFBB-666BB6721849}.Debug|Any CPU.Deploy.0 = Debug|iPhone
		{B11CEE6F-310C-4C74-AFBB-666BB6721849}.Debug|iPhone.ActiveCfg = Debug|iPhone
		{B11CEE6F-310C-4C74-AFBB-666BB6721849}.Debug|iPhone.Build.0 = Debug|iPhone
		{B11CEE6F-310C-4C74-AFBB-666BB6721849}.Debug|iPhone.Deploy.0 = Debug|iPhone
		{B11CEE6F-310C-4C74-AFBB-666BB6721849}.Debug|iPhoneSimulator.ActiveCfg = Debug|iPhoneSimulator
		{B11CEE6F-310C-4C74-AFBB-666BB6721849}.Debug|iPhoneSimulator.Build.0 = Debug|iPhoneSimulator
		{B11CEE6F-310C-4C74-AFBB-666BB6721849}.Debug|iPhoneSimulator.Deploy.0 = Debug|iPhoneSimulator
		{B11CEE6F-310C-4C74-AFBB-666BB6721849}.Release|Any CPU.ActiveCfg = Release|iPhoneSimulator
		{B11CEE6F-310C-4C74-AFBB-666BB6721849}.Release|Any CPU.Build.0 = Release|iPhoneSimulator
		{B11CEE6F-310C-4C74-AFBB-666BB6721849}.Release|Any CPU.Deploy.0 = Release|iPhoneSimulator
		{B11CEE6F-310C-4C74-AFBB-666BB6721849}.Release|iPhone.ActiveCfg = Release|iPhone
		{B11CEE6F-310C-4C74-AFBB-666BB6721849}.Release|iPhone.Build.0 = Release|iPhone
		{B11CEE6F-310C-4C74-AFBB-666BB6721849}.Release|iPhone.Deploy.0 = Release|iPhone
		{B11CEE6F-310C-4C74-AFBB-666BB6721849}.Release|iPhoneSimulator.ActiveCfg = Release|iPhoneSimulator
		{B11CEE6F-310C-4C74-AFBB-666BB6721849}.Release|iPhoneSimulator.Build.0 = Release|iPhoneSimulator
		{B11CEE6F-310C-4C74-AFBB-666BB6721849}.Release|iPhoneSimulator.Deploy.0 = Release|iPhoneSimulator
		{C30537AE-96FF-492A-89A2-55EA30BD4883}.Debug|Any CPU.ActiveCfg = Debug|Any CPU
		{C30537AE-96FF-492A-89A2-55EA30BD4883}.Debug|Any CPU.Build.0 = Debug|Any CPU
		{C30537AE-96FF-492A-89A2-55EA30BD4883}.Debug|Any CPU.Deploy.0 = Debug|Any CPU
		{C30537AE-96FF-492A-89A2-55EA30BD4883}.Debug|iPhone.ActiveCfg = Debug|Any CPU
		{C30537AE-96FF-492A-89A2-55EA30BD4883}.Debug|iPhone.Build.0 = Debug|Any CPU
		{C30537AE-96FF-492A-89A2-55EA30BD4883}.Debug|iPhone.Deploy.0 = Debug|Any CPU
		{C30537AE-96FF-492A-89A2-55EA30BD4883}.Debug|iPhoneSimulator.ActiveCfg = Debug|Any CPU
		{C30537AE-96FF-492A-89A2-55EA30BD4883}.Debug|iPhoneSimulator.Build.0 = Debug|Any CPU
		{C30537AE-96FF-492A-89A2-55EA30BD4883}.Debug|iPhoneSimulator.Deploy.0 = Debug|Any CPU
		{C30537AE-96FF-492A-89A2-55EA30BD4883}.Release|Any CPU.ActiveCfg = Release|Any CPU
		{C30537AE-96FF-492A-89A2-55EA30BD4883}.Release|Any CPU.Build.0 = Release|Any CPU
		{C30537AE-96FF-492A-89A2-55EA30BD4883}.Release|Any CPU.Deploy.0 = Release|Any CPU
		{C30537AE-96FF-492A-89A2-55EA30BD4883}.Release|iPhone.ActiveCfg = Release|Any CPU
		{C30537AE-96FF-492A-89A2-55EA30BD4883}.Release|iPhone.Build.0 = Release|Any CPU
		{C30537AE-96FF-492A-89A2-55EA30BD4883}.Release|iPhone.Deploy.0 = Release|Any CPU
		{C30537AE-96FF-492A-89A2-55EA30BD4883}.Release|iPhoneSimulator.ActiveCfg = Release|Any CPU
		{C30537AE-96FF-492A-89A2-55EA30BD4883}.Release|iPhoneSimulator.Build.0 = Release|Any CPU
		{C30537AE-96FF-492A-89A2-55EA30BD4883}.Release|iPhoneSimulator.Deploy.0 = Release|Any CPU
	EndGlobalSection
	GlobalSection(SolutionProperties) = preSolution
		HideSolutionNode = FALSE
	EndGlobalSection
	GlobalSection(ExtensibilityGlobals) = postSolution
		SolutionGuid = {F6DB960D-17B3-46A2-A6B7-B25B88B3EC78}
	EndGlobalSection
EndGlobal
